// !$*UTF8*$!
{
	archiveVersion = 1;
	classes = {
	};
	objectVersion = 50;
	objects = {

/* Begin PBXBuildFile section */
		560C9978245030FA00747701 /* calibrateViewController.swift in Sources */ = {isa = PBXBuildFile; fileRef = 560C9977245030FA00747701 /* calibrateViewController.swift */; };
		560C99862456368400747701 /* IdiomCell.swift in Sources */ = {isa = PBXBuildFile; fileRef = 560C99852456368300747701 /* IdiomCell.swift */; };
		560C99892456441000747701 /* UIView+Ext.swift in Sources */ = {isa = PBXBuildFile; fileRef = 560C99882456441000747701 /* UIView+Ext.swift */; };
		560C998E2457E17500747701 /* SGTitleLabel.swift in Sources */ = {isa = PBXBuildFile; fileRef = 560C998D2457E17500747701 /* SGTitleLabel.swift */; };
		560C9990245A96EA00747701 /* HomeViewController.swift in Sources */ = {isa = PBXBuildFile; fileRef = 560C998F245A96EA00747701 /* HomeViewController.swift */; };
		56297DE0246541C90063DB9A /* Constants.swift in Sources */ = {isa = PBXBuildFile; fileRef = 56297DDF246541C90063DB9A /* Constants.swift */; };
		566A0B0724621260006DE462 /* Datos.swift in Sources */ = {isa = PBXBuildFile; fileRef = 566A0B0624621260006DE462 /* Datos.swift */; };
		566A0B0924632C14006DE462 /* testBluetoothViewController.swift in Sources */ = {isa = PBXBuildFile; fileRef = 566A0B0824632C14006DE462 /* testBluetoothViewController.swift */; };
		566A0B0B24632D6B006DE462 /* BaseDarkViewController.swift in Sources */ = {isa = PBXBuildFile; fileRef = 566A0B0A24632D6B006DE462 /* BaseDarkViewController.swift */; };
		566A0B0D24633324006DE462 /* SGEdgeInsetsButton.swift in Sources */ = {isa = PBXBuildFile; fileRef = 566A0B0C24633324006DE462 /* SGEdgeInsetsButton.swift */; };
		5689FD7D244E4B6B0061D3E5 /* AppDelegate.swift in Sources */ = {isa = PBXBuildFile; fileRef = 5689FD7C244E4B6B0061D3E5 /* AppDelegate.swift */; };
		5689FD7F244E4B6B0061D3E5 /* SceneDelegate.swift in Sources */ = {isa = PBXBuildFile; fileRef = 5689FD7E244E4B6B0061D3E5 /* SceneDelegate.swift */; };
		5689FD84244E4B6B0061D3E5 /* Main.storyboard in Resources */ = {isa = PBXBuildFile; fileRef = 5689FD82244E4B6B0061D3E5 /* Main.storyboard */; };
		5689FD86244E4B700061D3E5 /* Assets.xcassets in Resources */ = {isa = PBXBuildFile; fileRef = 5689FD85244E4B700061D3E5 /* Assets.xcassets */; };
		5689FD89244E4B700061D3E5 /* LaunchScreen.storyboard in Resources */ = {isa = PBXBuildFile; fileRef = 5689FD87244E4B700061D3E5 /* LaunchScreen.storyboard */; };
		5689FD96244FCE4D0061D3E5 /* settingsViewController.swift in Sources */ = {isa = PBXBuildFile; fileRef = 5689FD95244FCE4D0061D3E5 /* settingsViewController.swift */; };
		5689FD98245010180061D3E5 /* BaseLightViewController.swift in Sources */ = {isa = PBXBuildFile; fileRef = 5689FD97245010180061D3E5 /* BaseLightViewController.swift */; };
		5689FD9A245026400061D3E5 /* idiomViewController.swift in Sources */ = {isa = PBXBuildFile; fileRef = 5689FD99245026400061D3E5 /* idiomViewController.swift */; };
		5689FD9C245026800061D3E5 /* settings.storyboard in Resources */ = {isa = PBXBuildFile; fileRef = 5689FD9B245026800061D3E5 /* settings.storyboard */; };
		56A2B11D24726311002C0C6C /* testSplashScreenViewController.swift in Sources */ = {isa = PBXBuildFile; fileRef = 56A2B11C24726311002C0C6C /* testSplashScreenViewController.swift */; };
		56A2B11F24739FF9002C0C6C /* testCalibrateViewController.swift in Sources */ = {isa = PBXBuildFile; fileRef = 56A2B11E24739FF9002C0C6C /* testCalibrateViewController.swift */; };
		56A2B1232473B191002C0C6C /* LetterCell.swift in Sources */ = {isa = PBXBuildFile; fileRef = 56A2B1222473B191002C0C6C /* LetterCell.swift */; };
		56A2B12724779493002C0C6C /* sensorsData.swift in Sources */ = {isa = PBXBuildFile; fileRef = 56A2B12624779493002C0C6C /* sensorsData.swift */; };
		56A2B129247879AA002C0C6C /* testLabel.swift in Sources */ = {isa = PBXBuildFile; fileRef = 56A2B128247879AA002C0C6C /* testLabel.swift */; };
		56D8AD4A245CFFA0001125F1 /* SGCircularButton.swift in Sources */ = {isa = PBXBuildFile; fileRef = 56D8AD49245CFFA0001125F1 /* SGCircularButton.swift */; };
		56D8AD4C245D083B001125F1 /* SGVerticallyCenteredTextView.swift in Sources */ = {isa = PBXBuildFile; fileRef = 56D8AD4B245D083B001125F1 /* SGVerticallyCenteredTextView.swift */; };
		56D8AD4F2462084A001125F1 /* APIRequest.swift in Sources */ = {isa = PBXBuildFile; fileRef = 56D8AD4E2462084A001125F1 /* APIRequest.swift */; };
/* End PBXBuildFile section */

/* Begin PBXFileReference section */
		560C9977245030FA00747701 /* calibrateViewController.swift */ = {isa = PBXFileReference; lastKnownFileType = sourcecode.swift; path = calibrateViewController.swift; sourceTree = "<group>"; };
		560C99852456368300747701 /* IdiomCell.swift */ = {isa = PBXFileReference; lastKnownFileType = sourcecode.swift; path = IdiomCell.swift; sourceTree = "<group>"; };
		560C99882456441000747701 /* UIView+Ext.swift */ = {isa = PBXFileReference; lastKnownFileType = sourcecode.swift; path = "UIView+Ext.swift"; sourceTree = "<group>"; };
		560C998D2457E17500747701 /* SGTitleLabel.swift */ = {isa = PBXFileReference; lastKnownFileType = sourcecode.swift; path = SGTitleLabel.swift; sourceTree = "<group>"; };
		560C998F245A96EA00747701 /* HomeViewController.swift */ = {isa = PBXFileReference; lastKnownFileType = sourcecode.swift; path = HomeViewController.swift; sourceTree = "<group>"; };
		56297DDF246541C90063DB9A /* Constants.swift */ = {isa = PBXFileReference; lastKnownFileType = sourcecode.swift; path = Constants.swift; sourceTree = "<group>"; };
		566A0B0624621260006DE462 /* Datos.swift */ = {isa = PBXFileReference; lastKnownFileType = sourcecode.swift; path = Datos.swift; sourceTree = "<group>"; };
		566A0B0824632C14006DE462 /* testBluetoothViewController.swift */ = {isa = PBXFileReference; lastKnownFileType = sourcecode.swift; path = testBluetoothViewController.swift; sourceTree = "<group>"; };
		566A0B0A24632D6B006DE462 /* BaseDarkViewController.swift */ = {isa = PBXFileReference; lastKnownFileType = sourcecode.swift; path = BaseDarkViewController.swift; sourceTree = "<group>"; };
		566A0B0C24633324006DE462 /* SGEdgeInsetsButton.swift */ = {isa = PBXFileReference; lastKnownFileType = sourcecode.swift; path = SGEdgeInsetsButton.swift; sourceTree = "<group>"; };
		5689FD79244E4B6B0061D3E5 /* smartGloves.app */ = {isa = PBXFileReference; explicitFileType = wrapper.application; includeInIndex = 0; path = smartGloves.app; sourceTree = BUILT_PRODUCTS_DIR; };
		5689FD7C244E4B6B0061D3E5 /* AppDelegate.swift */ = {isa = PBXFileReference; lastKnownFileType = sourcecode.swift; path = AppDelegate.swift; sourceTree = "<group>"; };
		5689FD7E244E4B6B0061D3E5 /* SceneDelegate.swift */ = {isa = PBXFileReference; lastKnownFileType = sourcecode.swift; path = SceneDelegate.swift; sourceTree = "<group>"; };
		5689FD83244E4B6B0061D3E5 /* Base */ = {isa = PBXFileReference; lastKnownFileType = file.storyboard; name = Base; path = Base.lproj/Main.storyboard; sourceTree = "<group>"; };
		5689FD85244E4B700061D3E5 /* Assets.xcassets */ = {isa = PBXFileReference; lastKnownFileType = folder.assetcatalog; path = Assets.xcassets; sourceTree = "<group>"; };
		5689FD88244E4B700061D3E5 /* Base */ = {isa = PBXFileReference; lastKnownFileType = file.storyboard; name = Base; path = Base.lproj/LaunchScreen.storyboard; sourceTree = "<group>"; };
		5689FD8A244E4B700061D3E5 /* Info.plist */ = {isa = PBXFileReference; lastKnownFileType = text.plist.xml; path = Info.plist; sourceTree = "<group>"; };
		5689FD95244FCE4D0061D3E5 /* settingsViewController.swift */ = {isa = PBXFileReference; lastKnownFileType = sourcecode.swift; path = settingsViewController.swift; sourceTree = "<group>"; };
		5689FD97245010180061D3E5 /* BaseLightViewController.swift */ = {isa = PBXFileReference; lastKnownFileType = sourcecode.swift; path = BaseLightViewController.swift; sourceTree = "<group>"; };
		5689FD99245026400061D3E5 /* idiomViewController.swift */ = {isa = PBXFileReference; lastKnownFileType = sourcecode.swift; path = idiomViewController.swift; sourceTree = "<group>"; };
		5689FD9B245026800061D3E5 /* settings.storyboard */ = {isa = PBXFileReference; lastKnownFileType = file.storyboard; path = settings.storyboard; sourceTree = "<group>"; };
		56A2B11C24726311002C0C6C /* testSplashScreenViewController.swift */ = {isa = PBXFileReference; lastKnownFileType = sourcecode.swift; path = testSplashScreenViewController.swift; sourceTree = "<group>"; };
		56A2B11E24739FF9002C0C6C /* testCalibrateViewController.swift */ = {isa = PBXFileReference; lastKnownFileType = sourcecode.swift; path = testCalibrateViewController.swift; sourceTree = "<group>"; };
		56A2B1222473B191002C0C6C /* LetterCell.swift */ = {isa = PBXFileReference; lastKnownFileType = sourcecode.swift; path = LetterCell.swift; sourceTree = "<group>"; };
		56A2B12624779493002C0C6C /* sensorsData.swift */ = {isa = PBXFileReference; lastKnownFileType = sourcecode.swift; path = sensorsData.swift; sourceTree = "<group>"; };
		56A2B128247879AA002C0C6C /* testLabel.swift */ = {isa = PBXFileReference; lastKnownFileType = sourcecode.swift; path = testLabel.swift; sourceTree = "<group>"; };
		56D8AD49245CFFA0001125F1 /* SGCircularButton.swift */ = {isa = PBXFileReference; lastKnownFileType = sourcecode.swift; path = SGCircularButton.swift; sourceTree = "<group>"; };
		56D8AD4B245D083B001125F1 /* SGVerticallyCenteredTextView.swift */ = {isa = PBXFileReference; lastKnownFileType = sourcecode.swift; path = SGVerticallyCenteredTextView.swift; sourceTree = "<group>"; };
		56D8AD4E2462084A001125F1 /* APIRequest.swift */ = {isa = PBXFileReference; lastKnownFileType = sourcecode.swift; path = APIRequest.swift; sourceTree = "<group>"; };
/* End PBXFileReference section */

/* Begin PBXFrameworksBuildPhase section */
		5689FD76244E4B6B0061D3E5 /* Frameworks */ = {
			isa = PBXFrameworksBuildPhase;
			buildActionMask = 2147483647;
			files = (
			);
			runOnlyForDeploymentPostprocessing = 0;
		};
/* End PBXFrameworksBuildPhase section */

/* Begin PBXGroup section */
		560C998124537F0700747701 /* Images */ = {
			isa = PBXGroup;
			children = (
			);
			path = Images;
			sourceTree = "<group>";
		};
		560C99842456362900747701 /* Cells */ = {
			isa = PBXGroup;
			children = (
				560C99852456368300747701 /* IdiomCell.swift */,
				56A2B1222473B191002C0C6C /* LetterCell.swift */,
			);
			path = Cells;
			sourceTree = "<group>";
		};
		560C9987245643E100747701 /* Extensions-Utilies */ = {
			isa = PBXGroup;
			children = (
				560C99882456441000747701 /* UIView+Ext.swift */,
			);
			path = "Extensions-Utilies";
			sourceTree = "<group>";
		};
		560C998C2457E13F00747701 /* SmartGloves Subclasses */ = {
			isa = PBXGroup;
			children = (
				560C998D2457E17500747701 /* SGTitleLabel.swift */,
				56D8AD49245CFFA0001125F1 /* SGCircularButton.swift */,
				56D8AD4B245D083B001125F1 /* SGVerticallyCenteredTextView.swift */,
				566A0B0C24633324006DE462 /* SGEdgeInsetsButton.swift */,
				56A2B128247879AA002C0C6C /* testLabel.swift */,
			);
			path = "SmartGloves Subclasses";
			sourceTree = "<group>";
		};
		56297DDA2465401B0063DB9A /* Constants */ = {
			isa = PBXGroup;
			children = (
				56297DDF246541C90063DB9A /* Constants.swift */,
			);
			path = Constants;
			sourceTree = "<group>";
		};
		5689FD70244E4B6B0061D3E5 = {
			isa = PBXGroup;
			children = (
				5689FD7B244E4B6B0061D3E5 /* smartGloves */,
				5689FD7A244E4B6B0061D3E5 /* Products */,
			);
			sourceTree = "<group>";
		};
		5689FD7A244E4B6B0061D3E5 /* Products */ = {
			isa = PBXGroup;
			children = (
				5689FD79244E4B6B0061D3E5 /* smartGloves.app */,
			);
			name = Products;
			sourceTree = "<group>";
		};
		5689FD7B244E4B6B0061D3E5 /* smartGloves */ = {
			isa = PBXGroup;
			children = (
				56297DDA2465401B0063DB9A /* Constants */,
				56D8AD4D2462070C001125F1 /* Managers */,
				560C998C2457E13F00747701 /* SmartGloves Subclasses */,
				560C9987245643E100747701 /* Extensions-Utilies */,
				560C99842456362900747701 /* Cells */,
				560C998124537F0700747701 /* Images */,
				5689FD94244FCD7E0061D3E5 /* Screens */,
				5689FD90244FCAB80061D3E5 /* Storyboards */,
				5689FD7C244E4B6B0061D3E5 /* AppDelegate.swift */,
				5689FD7E244E4B6B0061D3E5 /* SceneDelegate.swift */,
				5689FD85244E4B700061D3E5 /* Assets.xcassets */,
				5689FD87244E4B700061D3E5 /* LaunchScreen.storyboard */,
				5689FD8A244E4B700061D3E5 /* Info.plist */,
			);
			path = smartGloves;
			sourceTree = "<group>";
		};
		5689FD90244FCAB80061D3E5 /* Storyboards */ = {
			isa = PBXGroup;
			children = (
				5689FD82244E4B6B0061D3E5 /* Main.storyboard */,
				5689FD9B245026800061D3E5 /* settings.storyboard */,
			);
			path = Storyboards;
			sourceTree = "<group>";
		};
		5689FD94244FCD7E0061D3E5 /* Screens */ = {
			isa = PBXGroup;
			children = (
				5689FD95244FCE4D0061D3E5 /* settingsViewController.swift */,
				5689FD97245010180061D3E5 /* BaseLightViewController.swift */,
				566A0B0A24632D6B006DE462 /* BaseDarkViewController.swift */,
				5689FD99245026400061D3E5 /* idiomViewController.swift */,
				560C9977245030FA00747701 /* calibrateViewController.swift */,
				560C998F245A96EA00747701 /* HomeViewController.swift */,
				566A0B0824632C14006DE462 /* testBluetoothViewController.swift */,
				56A2B11C24726311002C0C6C /* testSplashScreenViewController.swift */,
				56A2B11E24739FF9002C0C6C /* testCalibrateViewController.swift */,
			);
			path = Screens;
			sourceTree = "<group>";
		};
		56D8AD4D2462070C001125F1 /* Managers */ = {
			isa = PBXGroup;
			children = (
				56D8AD4E2462084A001125F1 /* APIRequest.swift */,
				566A0B0624621260006DE462 /* Datos.swift */,
				56A2B12624779493002C0C6C /* sensorsData.swift */,
			);
			path = Managers;
			sourceTree = "<group>";
		};
/* End PBXGroup section */

/* Begin PBXNativeTarget section */
		5689FD78244E4B6B0061D3E5 /* smartGloves */ = {
			isa = PBXNativeTarget;
			buildConfigurationList = 5689FD8D244E4B700061D3E5 /* Build configuration list for PBXNativeTarget "smartGloves" */;
			buildPhases = (
				5689FD75244E4B6B0061D3E5 /* Sources */,
				5689FD76244E4B6B0061D3E5 /* Frameworks */,
				5689FD77244E4B6B0061D3E5 /* Resources */,
			);
			buildRules = (
			);
			dependencies = (
			);
			name = smartGloves;
			productName = smartGloves;
			productReference = 5689FD79244E4B6B0061D3E5 /* smartGloves.app */;
			productType = "com.apple.product-type.application";
		};
/* End PBXNativeTarget section */

/* Begin PBXProject section */
		5689FD71244E4B6B0061D3E5 /* Project object */ = {
			isa = PBXProject;
			attributes = {
				LastSwiftUpdateCheck = 1140;
				LastUpgradeCheck = 1140;
				ORGANIZATIONNAME = Gerardo;
				TargetAttributes = {
					5689FD78244E4B6B0061D3E5 = {
						CreatedOnToolsVersion = 11.4.1;
					};
				};
			};
			buildConfigurationList = 5689FD74244E4B6B0061D3E5 /* Build configuration list for PBXProject "smartGloves" */;
			compatibilityVersion = "Xcode 9.3";
			developmentRegion = en;
			hasScannedForEncodings = 0;
			knownRegions = (
				en,
				Base,
			);
			mainGroup = 5689FD70244E4B6B0061D3E5;
			productRefGroup = 5689FD7A244E4B6B0061D3E5 /* Products */;
			projectDirPath = "";
			projectRoot = "";
			targets = (
				5689FD78244E4B6B0061D3E5 /* smartGloves */,
			);
		};
/* End PBXProject section */

/* Begin PBXResourcesBuildPhase section */
		5689FD77244E4B6B0061D3E5 /* Resources */ = {
			isa = PBXResourcesBuildPhase;
			buildActionMask = 2147483647;
			files = (
				5689FD89244E4B700061D3E5 /* LaunchScreen.storyboard in Resources */,
				5689FD86244E4B700061D3E5 /* Assets.xcassets in Resources */,
				5689FD84244E4B6B0061D3E5 /* Main.storyboard in Resources */,
				5689FD9C245026800061D3E5 /* settings.storyboard in Resources */,
			);
			runOnlyForDeploymentPostprocessing = 0;
		};
/* End PBXResourcesBuildPhase section */

/* Begin PBXSourcesBuildPhase section */
		5689FD75244E4B6B0061D3E5 /* Sources */ = {
			isa = PBXSourcesBuildPhase;
			buildActionMask = 2147483647;
			files = (
				56A2B129247879AA002C0C6C /* testLabel.swift in Sources */,
				56D8AD4C245D083B001125F1 /* SGVerticallyCenteredTextView.swift in Sources */,
				566A0B0724621260006DE462 /* Datos.swift in Sources */,
				5689FD98245010180061D3E5 /* BaseLightViewController.swift in Sources */,
				566A0B0924632C14006DE462 /* testBluetoothViewController.swift in Sources */,
				56D8AD4A245CFFA0001125F1 /* SGCircularButton.swift in Sources */,
				56A2B12724779493002C0C6C /* sensorsData.swift in Sources */,
				560C9978245030FA00747701 /* calibrateViewController.swift in Sources */,
				56A2B1232473B191002C0C6C /* LetterCell.swift in Sources */,
				560C99862456368400747701 /* IdiomCell.swift in Sources */,
				566A0B0D24633324006DE462 /* SGEdgeInsetsButton.swift in Sources */,
				5689FD7D244E4B6B0061D3E5 /* AppDelegate.swift in Sources */,
				560C99892456441000747701 /* UIView+Ext.swift in Sources */,
				5689FD9A245026400061D3E5 /* idiomViewController.swift in Sources */,
				5689FD7F244E4B6B0061D3E5 /* SceneDelegate.swift in Sources */,
				56A2B11D24726311002C0C6C /* testSplashScreenViewController.swift in Sources */,
				5689FD96244FCE4D0061D3E5 /* settingsViewController.swift in Sources */,
				56A2B11F24739FF9002C0C6C /* testCalibrateViewController.swift in Sources */,
				56297DE0246541C90063DB9A /* Constants.swift in Sources */,
				560C998E2457E17500747701 /* SGTitleLabel.swift in Sources */,
				56D8AD4F2462084A001125F1 /* APIRequest.swift in Sources */,
				566A0B0B24632D6B006DE462 /* BaseDarkViewController.swift in Sources */,
				560C9990245A96EA00747701 /* HomeViewController.swift in Sources */,
			);
			runOnlyForDeploymentPostprocessing = 0;
		};
/* End PBXSourcesBuildPhase section */

/* Begin PBXVariantGroup section */
		5689FD82244E4B6B0061D3E5 /* Main.storyboard */ = {
			isa = PBXVariantGroup;
			children = (
				5689FD83244E4B6B0061D3E5 /* Base */,
			);
			name = Main.storyboard;
			sourceTree = "<group>";
		};
		5689FD87244E4B700061D3E5 /* LaunchScreen.storyboard */ = {
			isa = PBXVariantGroup;
			children = (
				5689FD88244E4B700061D3E5 /* Base */,
			);
			name = LaunchScreen.storyboard;
			sourceTree = "<group>";
		};
/* End PBXVariantGroup section */

/* Begin XCBuildConfiguration section */
		5689FD8B244E4B700061D3E5 /* Debug */ = {
			isa = XCBuildConfiguration;
			buildSettings = {
				ALWAYS_SEARCH_USER_PATHS = NO;
				CLANG_ANALYZER_NONNULL = YES;
				CLANG_ANALYZER_NUMBER_OBJECT_CONVERSION = YES_AGGRESSIVE;
				CLANG_CXX_LANGUAGE_STANDARD = "gnu++14";
				CLANG_CXX_LIBRARY = "libc++";
				CLANG_ENABLE_MODULES = YES;
				CLANG_ENABLE_OBJC_ARC = YES;
				CLANG_ENABLE_OBJC_WEAK = YES;
				CLANG_WARN_BLOCK_CAPTURE_AUTORELEASING = YES;
				CLANG_WARN_BOOL_CONVERSION = YES;
				CLANG_WARN_COMMA = YES;
				CLANG_WARN_CONSTANT_CONVERSION = YES;
				CLANG_WARN_DEPRECATED_OBJC_IMPLEMENTATIONS = YES;
				CLANG_WARN_DIRECT_OBJC_ISA_USAGE = YES_ERROR;
				CLANG_WARN_DOCUMENTATION_COMMENTS = YES;
				CLANG_WARN_EMPTY_BODY = YES;
				CLANG_WARN_ENUM_CONVERSION = YES;
				CLANG_WARN_INFINITE_RECURSION = YES;
				CLANG_WARN_INT_CONVERSION = YES;
				CLANG_WARN_NON_LITERAL_NULL_CONVERSION = YES;
				CLANG_WARN_OBJC_IMPLICIT_RETAIN_SELF = YES;
				CLANG_WARN_OBJC_LITERAL_CONVERSION = YES;
				CLANG_WARN_OBJC_ROOT_CLASS = YES_ERROR;
				CLANG_WARN_RANGE_LOOP_ANALYSIS = YES;
				CLANG_WARN_STRICT_PROTOTYPES = YES;
				CLANG_WARN_SUSPICIOUS_MOVE = YES;
				CLANG_WARN_UNGUARDED_AVAILABILITY = YES_AGGRESSIVE;
				CLANG_WARN_UNREACHABLE_CODE = YES;
				CLANG_WARN__DUPLICATE_METHOD_MATCH = YES;
				COPY_PHASE_STRIP = NO;
				DEBUG_INFORMATION_FORMAT = dwarf;
				ENABLE_STRICT_OBJC_MSGSEND = YES;
				ENABLE_TESTABILITY = YES;
				GCC_C_LANGUAGE_STANDARD = gnu11;
				GCC_DYNAMIC_NO_PIC = NO;
				GCC_NO_COMMON_BLOCKS = YES;
				GCC_OPTIMIZATION_LEVEL = 0;
				GCC_PREPROCESSOR_DEFINITIONS = (
					"DEBUG=1",
					"$(inherited)",
				);
				GCC_WARN_64_TO_32_BIT_CONVERSION = YES;
				GCC_WARN_ABOUT_RETURN_TYPE = YES_ERROR;
				GCC_WARN_UNDECLARED_SELECTOR = YES;
				GCC_WARN_UNINITIALIZED_AUTOS = YES_AGGRESSIVE;
				GCC_WARN_UNUSED_FUNCTION = YES;
				GCC_WARN_UNUSED_VARIABLE = YES;
				IPHONEOS_DEPLOYMENT_TARGET = 13.4;
				MTL_ENABLE_DEBUG_INFO = INCLUDE_SOURCE;
				MTL_FAST_MATH = YES;
				ONLY_ACTIVE_ARCH = YES;
				SDKROOT = iphoneos;
				SWIFT_ACTIVE_COMPILATION_CONDITIONS = DEBUG;
				SWIFT_OPTIMIZATION_LEVEL = "-Onone";
			};
			name = Debug;
		};
		5689FD8C244E4B700061D3E5 /* Release */ = {
			isa = XCBuildConfiguration;
			buildSettings = {
				ALWAYS_SEARCH_USER_PATHS = NO;
				CLANG_ANALYZER_NONNULL = YES;
				CLANG_ANALYZER_NUMBER_OBJECT_CONVERSION = YES_AGGRESSIVE;
				CLANG_CXX_LANGUAGE_STANDARD = "gnu++14";
				CLANG_CXX_LIBRARY = "libc++";
				CLANG_ENABLE_MODULES = YES;
				CLANG_ENABLE_OBJC_ARC = YES;
				CLANG_ENABLE_OBJC_WEAK = YES;
				CLANG_WARN_BLOCK_CAPTURE_AUTORELEASING = YES;
				CLANG_WARN_BOOL_CONVERSION = YES;
				CLANG_WARN_COMMA = YES;
				CLANG_WARN_CONSTANT_CONVERSION = YES;
				CLANG_WARN_DEPRECATED_OBJC_IMPLEMENTATIONS = YES;
				CLANG_WARN_DIRECT_OBJC_ISA_USAGE = YES_ERROR;
				CLANG_WARN_DOCUMENTATION_COMMENTS = YES;
				CLANG_WARN_EMPTY_BODY = YES;
				CLANG_WARN_ENUM_CONVERSION = YES;
				CLANG_WARN_INFINITE_RECURSION = YES;
				CLANG_WARN_INT_CONVERSION = YES;
				CLANG_WARN_NON_LITERAL_NULL_CONVERSION = YES;
				CLANG_WARN_OBJC_IMPLICIT_RETAIN_SELF = YES;
				CLANG_WARN_OBJC_LITERAL_CONVERSION = YES;
				CLANG_WARN_OBJC_ROOT_CLASS = YES_ERROR;
				CLANG_WARN_RANGE_LOOP_ANALYSIS = YES;
				CLANG_WARN_STRICT_PROTOTYPES = YES;
				CLANG_WARN_SUSPICIOUS_MOVE = YES;
				CLANG_WARN_UNGUARDED_AVAILABILITY = YES_AGGRESSIVE;
				CLANG_WARN_UNREACHABLE_CODE = YES;
				CLANG_WARN__DUPLICATE_METHOD_MATCH = YES;
				COPY_PHASE_STRIP = NO;
				DEBUG_INFORMATION_FORMAT = "dwarf-with-dsym";
				ENABLE_NS_ASSERTIONS = NO;
				ENABLE_STRICT_OBJC_MSGSEND = YES;
				GCC_C_LANGUAGE_STANDARD = gnu11;
				GCC_NO_COMMON_BLOCKS = YES;
				GCC_WARN_64_TO_32_BIT_CONVERSION = YES;
				GCC_WARN_ABOUT_RETURN_TYPE = YES_ERROR;
				GCC_WARN_UNDECLARED_SELECTOR = YES;
				GCC_WARN_UNINITIALIZED_AUTOS = YES_AGGRESSIVE;
				GCC_WARN_UNUSED_FUNCTION = YES;
				GCC_WARN_UNUSED_VARIABLE = YES;
				IPHONEOS_DEPLOYMENT_TARGET = 13.4;
				MTL_ENABLE_DEBUG_INFO = NO;
				MTL_FAST_MATH = YES;
				SDKROOT = iphoneos;
				SWIFT_COMPILATION_MODE = wholemodule;
				SWIFT_OPTIMIZATION_LEVEL = "-O";
				VALIDATE_PRODUCT = YES;
			};
			name = Release;
		};
		5689FD8E244E4B700061D3E5 /* Debug */ = {
			isa = XCBuildConfiguration;
			buildSettings = {
				ASSETCATALOG_COMPILER_APPICON_NAME = AppIcon;
				CODE_SIGN_STYLE = Automatic;
				INFOPLIST_FILE = smartGloves/Info.plist;
				LD_RUNPATH_SEARCH_PATHS = (
					"$(inherited)",
					"@executable_path/Frameworks",
				);
				PRODUCT_BUNDLE_IDENTIFIER = com.itm.smartGloves;
				PRODUCT_NAME = "$(TARGET_NAME)";
				SWIFT_VERSION = 5.0;
				TARGETED_DEVICE_FAMILY = "1,2";
			};
			name = Debug;
		};
		5689FD8F244E4B700061D3E5 /* Release */ = {
			isa = XCBuildConfiguration;
			buildSettings = {
				ASSETCATALOG_COMPILER_APPICON_NAME = AppIcon;
				CODE_SIGN_STYLE = Automatic;
				INFOPLIST_FILE = smartGloves/Info.plist;
				LD_RUNPATH_SEARCH_PATHS = (
					"$(inherited)",
					"@executable_path/Frameworks",
				);
				PRODUCT_BUNDLE_IDENTIFIER = com.itm.smartGloves;
				PRODUCT_NAME = "$(TARGET_NAME)";
				SWIFT_VERSION = 5.0;
				TARGETED_DEVICE_FAMILY = "1,2";
			};
			name = Release;
		};
/* End XCBuildConfiguration section */

/* Begin XCConfigurationList section */
		5689FD74244E4B6B0061D3E5 /* Build configuration list for PBXProject "smartGloves" */ = {
			isa = XCConfigurationList;
			buildConfigurations = (
				5689FD8B244E4B700061D3E5 /* Debug */,
				5689FD8C244E4B700061D3E5 /* Release */,
			);
			defaultConfigurationIsVisible = 0;
			defaultConfigurationName = Release;
		};
		5689FD8D244E4B700061D3E5 /* Build configuration list for PBXNativeTarget "smartGloves" */ = {
			isa = XCConfigurationList;
			buildConfigurations = (
				5689FD8E244E4B700061D3E5 /* Debug */,
				5689FD8F244E4B700061D3E5 /* Release */,
			);
			defaultConfigurationIsVisible = 0;
			defaultConfigurationName = Release;
		};
/* End XCConfigurationList section */
	};
	rootObject = 5689FD71244E4B6B0061D3E5 /* Project object */;
}
